Microsoft Visual Studio Solution File, Format Version 12.00
# Visual Studio 15
VisualStudioVersion = 15.0.27130.2036
MinimumVisualStudioVersion = 10.0.40219.1
Project("{dca2aa6f-214c-4319-b3ef-d5b96434888d}") = "LockOnAssembly", "LockOnAssembly\LockOnAssembly.csproj", "{1cad2fcc-94e6-4630-84f5-07f97d254697}"
EndProject
Global
	GlobalSection(SolutionConfigurationPlatforms) = preSolution
		Debug|Any CPU = Debug|Any CPU
		Release|Any CPU = Release|Any CPU
	EndGlobalSection
	GlobalSection(ProjectConfigurationPlatforms) = postSolution
		{1cad2fcc-94e6-4630-84f5-07f97d254697}.Debug|Any CPU.ActiveCfg = Debug|Any CPU
		{1cad2fcc-94e6-4630-84f5-07f97d254697}.Debug|Any CPU.Build.0 = Debug|Any CPU
		{1cad2fcc-94e6-4630-84f5-07f97d254697}.Release|Any CPU.ActiveCfg = Release|Any CPU
		{1cad2fcc-94e6-4630-84f5-07f97d254697}.Release|Any CPU.Build.0 = Release|Any CPU
	EndGlobalSection
	GlobalSection(SolutionProperties) = preSolution
		HideSolutionNode = FALSE
	EndGlobalSection
	GlobalSection(ExtensibilityGlobals) = postSolution
		SolutionGuid = {6844c3b3-ad3c-4001-9ca4-f09ee5cb5cda}
	EndGlobalSection
EndGlobal
